PODS:
  - Alamofire (4.8.1)
  - CryptoSwift (0.15.0)

DEPENDENCIES:
  - Alamofire (~> 4.4)
  - CryptoSwift (from `https://github.com/krzyzanowskim/CryptoSwift`, branch `master`)

SPEC REPOS:
  https://github.com/cocoapods/specs.git:
    - Alamofire

EXTERNAL SOURCES:
  CryptoSwift:
    :branch: master
    :git: https://github.com/krzyzanowskim/CryptoSwift

CHECKOUT OPTIONS:
  CryptoSwift:
    :commit: 8aee3e6bd3c337e311c6046f55651ef1339dbe5e
    :git: https://github.com/krzyzanowskim/CryptoSwift

SPEC CHECKSUMS:
  Alamofire: 16ce2c353fb72865124ddae8a57c5942388f4f11
  CryptoSwift: 8c375e90336a2e2fe5847001c6ce87b88334a3ea

PODFILE CHECKSUM: 22232482052e262bb82d5b593515e44bcb39fa14

COCOAPODS: 1.5.3
